
Microsoft Visual Studio Solution File, Format Version 12.00
# Visual Studio Version 17
VisualStudioVersion = 17.12.35527.113 d17.12
MinimumVisualStudioVersion = 10.0.40219.1
Project("{FAE04EC0-301F-11D3-BF4B-00C04F79EFBC}") = "BlazorChatApp", "BlazorChatApp\BlazorChatApp.csproj", "{05A9D61C-BE4B-4AC3-A109-5DB20D6C2216}"
EndProject
Project("{FAE04EC0-301F-11D3-BF4B-00C04F79EFBC}") = "BlazorChatApp.Client", "BlazorChatApp.Client\BlazorChatApp.Client.csproj", "{CBB2026F-EF6A-4F51-9785-04DFF996ECA2}"
EndProject
Global
	GlobalSection(SolutionConfigurationPlatforms) = preSolution
		Debug|Any CPU = Debug|Any CPU
		Release|Any CPU = Release|Any CPU
	EndGlobalSection
	GlobalSection(ProjectConfigurationPlatforms) = postSolution
		{05A9D61C-BE4B-4AC3-A109-5DB20D6C2216}.Debug|Any CPU.ActiveCfg = Debug|Any CPU
		{05A9D61C-BE4B-4AC3-A109-5DB20D6C2216}.Debug|Any CPU.Build.0 = Debug|Any CPU
		{05A9D61C-BE4B-4AC3-A109-5DB20D6C2216}.Release|Any CPU.ActiveCfg = Release|Any CPU
		{05A9D61C-BE4B-4AC3-A109-5DB20D6C2216}.Release|Any CPU.Build.0 = Release|Any CPU
		{CBB2026F-EF6A-4F51-9785-04DFF996ECA2}.Debug|Any CPU.ActiveCfg = Debug|Any CPU
		{CBB2026F-EF6A-4F51-9785-04DFF996ECA2}.Debug|Any CPU.Build.0 = Debug|Any CPU
		{CBB2026F-EF6A-4F51-9785-04DFF996ECA2}.Release|Any CPU.ActiveCfg = Release|Any CPU
		{CBB2026F-EF6A-4F51-9785-04DFF996ECA2}.Release|Any CPU.Build.0 = Release|Any CPU
	EndGlobalSection
	GlobalSection(SolutionProperties) = preSolution
		HideSolutionNode = FALSE
	EndGlobalSection
EndGlobal
